
Microsoft Visual Studio Solution File, Format Version 12.00
# Visual Studio Version 17
VisualStudioVersion = 17.14.36518.9 d17.14
MinimumVisualStudioVersion = 10.0.40219.1
Project("{2150E333-8FDC-42A3-9474-1A3956D46DE8}") = "Task0", "Task0", "{02EA681E-C7D8-13C7-8484-4AC65E1B71E8}"
EndProject
Project("{FAE04EC0-301F-11D3-BF4B-00C04F79EFBC}") = "Tyuiu.SamolovovaOA.Sprint2.Task0.V16", "Tyuiu.SamolovovaOA.Sprint2.Task0.V16\Tyuiu.SamolovovaOA.Sprint2.Task0.V16.csproj", "{95BDE7E1-48E1-4154-9E06-6A23F2D849BD}"
EndProject
Project("{FAE04EC0-301F-11D3-BF4B-00C04F79EFBC}") = "Tyuiu.SamolovovaOA.Sprint2.Task0.V16.Lib", "Tyuiu.SamolovovaOA.Sprint2.Task0.V16.Lib\Tyuiu.SamolovovaOA.Sprint2.Task0.V16.Lib.csproj", "{B19E267A-2DC6-4073-8AC0-5C5AD1E52AB0}"
EndProject
Project("{FAE04EC0-301F-11D3-BF4B-00C04F79EFBC}") = "Tyuiu.SamolovovaOA.Sprint2.Task0.V16.Test", "Tyuiu.SamolovovaOA.Sprint2.Task0.V16.Test\Tyuiu.SamolovovaOA.Sprint2.Task0.V16.Test.csproj", "{A2F7AED6-3BD5-4C2E-A65B-963BAC42DD6A}"
EndProject
Global
	GlobalSection(SolutionConfigurationPlatforms) = preSolution
		Debug|Any CPU = Debug|Any CPU
		Release|Any CPU = Release|Any CPU
	EndGlobalSection
	GlobalSection(ProjectConfigurationPlatforms) = postSolution
		{95BDE7E1-48E1-4154-9E06-6A23F2D849BD}.Debug|Any CPU.ActiveCfg = Debug|Any CPU
		{95BDE7E1-48E1-4154-9E06-6A23F2D849BD}.Debug|Any CPU.Build.0 = Debug|Any CPU
		{95BDE7E1-48E1-4154-9E06-6A23F2D849BD}.Release|Any CPU.ActiveCfg = Release|Any CPU
		{95BDE7E1-48E1-4154-9E06-6A23F2D849BD}.Release|Any CPU.Build.0 = Release|Any CPU
		{B19E267A-2DC6-4073-8AC0-5C5AD1E52AB0}.Debug|Any CPU.ActiveCfg = Debug|Any CPU
		{B19E267A-2DC6-4073-8AC0-5C5AD1E52AB0}.Debug|Any CPU.Build.0 = Debug|Any CPU
		{B19E267A-2DC6-4073-8AC0-5C5AD1E52AB0}.Release|Any CPU.ActiveCfg = Release|Any CPU
		{B19E267A-2DC6-4073-8AC0-5C5AD1E52AB0}.Release|Any CPU.Build.0 = Release|Any CPU
		{A2F7AED6-3BD5-4C2E-A65B-963BAC42DD6A}.Debug|Any CPU.ActiveCfg = Debug|Any CPU
		{A2F7AED6-3BD5-4C2E-A65B-963BAC42DD6A}.Debug|Any CPU.Build.0 = Debug|Any CPU
		{A2F7AED6-3BD5-4C2E-A65B-963BAC42DD6A}.Release|Any CPU.ActiveCfg = Release|Any CPU
		{A2F7AED6-3BD5-4C2E-A65B-963BAC42DD6A}.Release|Any CPU.Build.0 = Release|Any CPU
	EndGlobalSection
	GlobalSection(SolutionProperties) = preSolution
		HideSolutionNode = FALSE
	EndGlobalSection
	GlobalSection(NestedProjects) = preSolution
		{95BDE7E1-48E1-4154-9E06-6A23F2D849BD} = {02EA681E-C7D8-13C7-8484-4AC65E1B71E8}
		{B19E267A-2DC6-4073-8AC0-5C5AD1E52AB0} = {02EA681E-C7D8-13C7-8484-4AC65E1B71E8}
		{A2F7AED6-3BD5-4C2E-A65B-963BAC42DD6A} = {02EA681E-C7D8-13C7-8484-4AC65E1B71E8}
	EndGlobalSection
	GlobalSection(ExtensibilityGlobals) = postSolution
		SolutionGuid = {D4B71DB1-F9F6-4F3A-9847-A3C640E1857E}
	EndGlobalSection
EndGlobal
